
Microsoft Visual Studio Solution File, Format Version 12.00
# Visual Studio Version 17
VisualStudioVersion = 17.9.34622.214
MinimumVisualStudioVersion = 10.0.40219.1
Project("{FAE04EC0-301F-11D3-BF4B-00C04F79EFBC}") = "PizzaPlace", "PizzaPlace.csproj", "{6B4A772D-EDF6-4EBE-9FFF-B1301AEE4A4B}"
EndProject
Global
	GlobalSection(SolutionConfigurationPlatforms) = preSolution
		Debug|Any CPU = Debug|Any CPU
		Release|Any CPU = Release|Any CPU
	EndGlobalSection
	GlobalSection(ProjectConfigurationPlatforms) = postSolution
		{6B4A772D-EDF6-4EBE-9FFF-B1301AEE4A4B}.Debug|Any CPU.ActiveCfg = Debug|Any CPU
		{6B4A772D-EDF6-4EBE-9FFF-B1301AEE4A4B}.Debug|Any CPU.Build.0 = Debug|Any CPU
		{6B4A772D-EDF6-4EBE-9FFF-B1301AEE4A4B}.Release|Any CPU.ActiveCfg = Release|Any CPU
		{6B4A772D-EDF6-4EBE-9FFF-B1301AEE4A4B}.Release|Any CPU.Build.0 = Release|Any CPU
	EndGlobalSection
	GlobalSection(SolutionProperties) = preSolution
		HideSolutionNode = FALSE
	EndGlobalSection
	GlobalSection(ExtensibilityGlobals) = postSolution
		SolutionGuid = {BDC7699A-FB0E-48FE-B666-3C52DD969ED4}
	EndGlobalSection
EndGlobal
